
Microsoft Visual Studio Solution File, Format Version 12.00
# Visual Studio Version 17
VisualStudioVersion = 17.10.35013.160
MinimumVisualStudioVersion = 10.0.40219.1
Project("{9A19103F-16F7-4668-BE54-9A1E7A4F7556}") = "ShapeTask", "ShapeTask\ShapeTask.csproj", "{131CA593-0746-4640-9C30-81F03847AA03}"
EndProject
Project("{9A19103F-16F7-4668-BE54-9A1E7A4F7556}") = "VectorTask", "VectorTask\VectorTask.csproj", "{CA0D04EF-9434-4CA3-A891-C5D469D794D4}"
EndProject
Project("{9A19103F-16F7-4668-BE54-9A1E7A4F7556}") = "RangeTask", "RangeTask\RangeTask.csproj", "{F815B63A-EA7D-40A1-A22C-98FCB170C227}"
EndProject
Global
	GlobalSection(SolutionConfigurationPlatforms) = preSolution
		Debug|Any CPU = Debug|Any CPU
		Release|Any CPU = Release|Any CPU
	EndGlobalSection
	GlobalSection(ProjectConfigurationPlatforms) = postSolution
		{131CA593-0746-4640-9C30-81F03847AA03}.Debug|Any CPU.ActiveCfg = Debug|Any CPU
		{131CA593-0746-4640-9C30-81F03847AA03}.Debug|Any CPU.Build.0 = Debug|Any CPU
		{131CA593-0746-4640-9C30-81F03847AA03}.Release|Any CPU.ActiveCfg = Release|Any CPU
		{131CA593-0746-4640-9C30-81F03847AA03}.Release|Any CPU.Build.0 = Release|Any CPU
		{CA0D04EF-9434-4CA3-A891-C5D469D794D4}.Debug|Any CPU.ActiveCfg = Debug|Any CPU
		{CA0D04EF-9434-4CA3-A891-C5D469D794D4}.Debug|Any CPU.Build.0 = Debug|Any CPU
		{CA0D04EF-9434-4CA3-A891-C5D469D794D4}.Release|Any CPU.ActiveCfg = Release|Any CPU
		{CA0D04EF-9434-4CA3-A891-C5D469D794D4}.Release|Any CPU.Build.0 = Release|Any CPU
		{F815B63A-EA7D-40A1-A22C-98FCB170C227}.Debug|Any CPU.ActiveCfg = Debug|Any CPU
		{F815B63A-EA7D-40A1-A22C-98FCB170C227}.Debug|Any CPU.Build.0 = Debug|Any CPU
		{F815B63A-EA7D-40A1-A22C-98FCB170C227}.Release|Any CPU.ActiveCfg = Release|Any CPU
		{F815B63A-EA7D-40A1-A22C-98FCB170C227}.Release|Any CPU.Build.0 = Release|Any CPU
	EndGlobalSection
	GlobalSection(SolutionProperties) = preSolution
		HideSolutionNode = FALSE
	EndGlobalSection
	GlobalSection(ExtensibilityGlobals) = postSolution
		SolutionGuid = {3543266A-B5DC-4AD5-8ED2-4F344318C95D}
	EndGlobalSection
EndGlobal
