Microsoft Visual Studio Solution File, Format Version 12.00
# Visual Studio Version 17
VisualStudioVersion = 17.10.35013.160
MinimumVisualStudioVersion = 10.0.40219.1
Project("{9A19103F-16F7-4668-BE54-9A1E7A4F7556}") = "VectorTask", "VectorTask\VectorTask.csproj", "{CA0D04EF-9434-4CA3-A891-C5D469D794D4}"
EndProject
Project("{9A19103F-16F7-4668-BE54-9A1E7A4F7556}") = "RangeTask", "RangeTask\RangeTask.csproj", "{F815B63A-EA7D-40A1-A22C-98FCB170C227}"
EndProject
Project("{9A19103F-16F7-4668-BE54-9A1E7A4F7556}") = "ShapesTask", "ShapesTask\ShapesTask.csproj", "{A7A61E48-CA34-43D2-855C-30696853A61D}"
EndProject
Project("{9A19103F-16F7-4668-BE54-9A1E7A4F7556}") = "MatrixTask", "MatrixTask\MatrixTask.csproj", "{E7A76AB6-F43B-48E8-96C8-3886CF13917E}"
EndProject
Project("{9A19103F-16F7-4668-BE54-9A1E7A4F7556}") = "ArrayListHomeTask", "ArrayListHomeTask\ArrayListHomeTask.csproj", "{177C2747-7E47-4102-82EF-D4427865322F}"
EndProject
Project("{9A19103F-16F7-4668-BE54-9A1E7A4F7556}") = "ArrayListTask", "ArrayListTask\ArrayListTask.csproj", "{7405CF9C-A67D-4EE1-866E-2C78F11CBC5B}"
EndProject
Project("{FAE04EC0-301F-11D3-BF4B-00C04F79EFBC}") = "HashTableTask", "HashTableTask\HashTableTask.csproj", "{DB7F96B5-2DAC-48C9-91EF-E08B1059A08B}"
EndProject
Global
	GlobalSection(SolutionConfigurationPlatforms) = preSolution
		Debug|Any CPU = Debug|Any CPU
		Release|Any CPU = Release|Any CPU
	EndGlobalSection
	GlobalSection(ProjectConfigurationPlatforms) = postSolution
		{CA0D04EF-9434-4CA3-A891-C5D469D794D4}.Debug|Any CPU.ActiveCfg = Debug|Any CPU
		{CA0D04EF-9434-4CA3-A891-C5D469D794D4}.Debug|Any CPU.Build.0 = Debug|Any CPU
		{CA0D04EF-9434-4CA3-A891-C5D469D794D4}.Release|Any CPU.ActiveCfg = Release|Any CPU
		{CA0D04EF-9434-4CA3-A891-C5D469D794D4}.Release|Any CPU.Build.0 = Release|Any CPU
		{F815B63A-EA7D-40A1-A22C-98FCB170C227}.Debug|Any CPU.ActiveCfg = Debug|Any CPU
		{F815B63A-EA7D-40A1-A22C-98FCB170C227}.Debug|Any CPU.Build.0 = Debug|Any CPU
		{F815B63A-EA7D-40A1-A22C-98FCB170C227}.Release|Any CPU.ActiveCfg = Release|Any CPU
		{F815B63A-EA7D-40A1-A22C-98FCB170C227}.Release|Any CPU.Build.0 = Release|Any CPU
		{A7A61E48-CA34-43D2-855C-30696853A61D}.Debug|Any CPU.ActiveCfg = Debug|Any CPU
		{A7A61E48-CA34-43D2-855C-30696853A61D}.Debug|Any CPU.Build.0 = Debug|Any CPU
		{A7A61E48-CA34-43D2-855C-30696853A61D}.Release|Any CPU.ActiveCfg = Release|Any CPU
		{A7A61E48-CA34-43D2-855C-30696853A61D}.Release|Any CPU.Build.0 = Release|Any CPU
		{E7A76AB6-F43B-48E8-96C8-3886CF13917E}.Debug|Any CPU.ActiveCfg = Debug|Any CPU
		{E7A76AB6-F43B-48E8-96C8-3886CF13917E}.Debug|Any CPU.Build.0 = Debug|Any CPU
		{E7A76AB6-F43B-48E8-96C8-3886CF13917E}.Release|Any CPU.ActiveCfg = Release|Any CPU
		{E7A76AB6-F43B-48E8-96C8-3886CF13917E}.Release|Any CPU.Build.0 = Release|Any CPU
		{177C2747-7E47-4102-82EF-D4427865322F}.Debug|Any CPU.ActiveCfg = Debug|Any CPU
		{177C2747-7E47-4102-82EF-D4427865322F}.Debug|Any CPU.Build.0 = Debug|Any CPU
		{177C2747-7E47-4102-82EF-D4427865322F}.Release|Any CPU.ActiveCfg = Release|Any CPU
		{177C2747-7E47-4102-82EF-D4427865322F}.Release|Any CPU.Build.0 = Release|Any CPU
		{7405CF9C-A67D-4EE1-866E-2C78F11CBC5B}.Debug|Any CPU.ActiveCfg = Debug|Any CPU
		{7405CF9C-A67D-4EE1-866E-2C78F11CBC5B}.Debug|Any CPU.Build.0 = Debug|Any CPU
		{7405CF9C-A67D-4EE1-866E-2C78F11CBC5B}.Release|Any CPU.ActiveCfg = Release|Any CPU
		{7405CF9C-A67D-4EE1-866E-2C78F11CBC5B}.Release|Any CPU.Build.0 = Release|Any CPU
		{DB7F96B5-2DAC-48C9-91EF-E08B1059A08B}.Debug|Any CPU.ActiveCfg = Debug|Any CPU
		{DB7F96B5-2DAC-48C9-91EF-E08B1059A08B}.Debug|Any CPU.Build.0 = Debug|Any CPU
		{DB7F96B5-2DAC-48C9-91EF-E08B1059A08B}.Release|Any CPU.ActiveCfg = Release|Any CPU
		{DB7F96B5-2DAC-48C9-91EF-E08B1059A08B}.Release|Any CPU.Build.0 = Release|Any CPU
	EndGlobalSection
	GlobalSection(SolutionProperties) = preSolution
		HideSolutionNode = FALSE
	EndGlobalSection
	GlobalSection(ExtensibilityGlobals) = postSolution
		SolutionGuid = {3543266A-B5DC-4AD5-8ED2-4F344318C95D}
	EndGlobalSection
EndGlobal
